
Microsoft Visual Studio Solution File, Format Version 12.00
# Visual Studio Version 16
VisualStudioVersion = 16.0.31613.86
MinimumVisualStudioVersion = 10.0.40219.1
Project("{2150E333-8FDC-42A3-9474-1A3956D46DE8}") = "MLP.MachineLearning", "MLP.MachineLearning", "{5DAE3A38-F4BD-4B69-8743-FE3F4BE3A1C1}"
EndProject
Global
	GlobalSection(SolutionProperties) = preSolution
		HideSolutionNode = FALSE
	EndGlobalSection
	GlobalSection(ExtensibilityGlobals) = postSolution
		SolutionGuid = {AAC78EC4-E163-40CA-9DD7-BBABB712CE49}
	EndGlobalSection
EndGlobal
