
Microsoft Visual Studio Solution File, Format Version 12.00
# Visual Studio Version 16
VisualStudioVersion = 16.0.31613.86
MinimumVisualStudioVersion = 10.0.40219.1
Project("{2150E333-8FDC-42A3-9474-1A3956D46DE8}") = "MLP", "MLP", "{5DAE3A38-F4BD-4B69-8743-FE3F4BE3A1C1}"
EndProject
Project("{9A19103F-16F7-4668-BE54-9A1E7A4F7556}") = "MLP.Core", "MLP.Core\MLP.Core.csproj", "{B4B77A03-30D7-4825-AB8C-BC04472F4245}"
EndProject
Project("{9A19103F-16F7-4668-BE54-9A1E7A4F7556}") = "MLP.Core.Tests", "MLP.Core.Tests\MLP.Core.Tests.csproj", "{F345143E-AA1D-4A36-9632-7FB200664731}"
EndProject
Global
	GlobalSection(SolutionConfigurationPlatforms) = preSolution
		Debug|Any CPU = Debug|Any CPU
		Release|Any CPU = Release|Any CPU
	EndGlobalSection
	GlobalSection(ProjectConfigurationPlatforms) = postSolution
		{B4B77A03-30D7-4825-AB8C-BC04472F4245}.Debug|Any CPU.ActiveCfg = Debug|Any CPU
		{B4B77A03-30D7-4825-AB8C-BC04472F4245}.Debug|Any CPU.Build.0 = Debug|Any CPU
		{B4B77A03-30D7-4825-AB8C-BC04472F4245}.Release|Any CPU.ActiveCfg = Release|Any CPU
		{B4B77A03-30D7-4825-AB8C-BC04472F4245}.Release|Any CPU.Build.0 = Release|Any CPU
		{F345143E-AA1D-4A36-9632-7FB200664731}.Debug|Any CPU.ActiveCfg = Debug|Any CPU
		{F345143E-AA1D-4A36-9632-7FB200664731}.Debug|Any CPU.Build.0 = Debug|Any CPU
		{F345143E-AA1D-4A36-9632-7FB200664731}.Release|Any CPU.ActiveCfg = Release|Any CPU
		{F345143E-AA1D-4A36-9632-7FB200664731}.Release|Any CPU.Build.0 = Release|Any CPU
	EndGlobalSection
	GlobalSection(SolutionProperties) = preSolution
		HideSolutionNode = FALSE
	EndGlobalSection
	GlobalSection(NestedProjects) = preSolution
		{B4B77A03-30D7-4825-AB8C-BC04472F4245} = {5DAE3A38-F4BD-4B69-8743-FE3F4BE3A1C1}
		{F345143E-AA1D-4A36-9632-7FB200664731} = {5DAE3A38-F4BD-4B69-8743-FE3F4BE3A1C1}
	EndGlobalSection
	GlobalSection(ExtensibilityGlobals) = postSolution
		SolutionGuid = {AAC78EC4-E163-40CA-9DD7-BBABB712CE49}
	EndGlobalSection
EndGlobal
